
Microsoft Visual Studio Solution File, Format Version 12.00
# Visual Studio Version 17
VisualStudioVersion = 17.8.34309.116
MinimumVisualStudioVersion = 10.0.40219.1
Project("{FAE04EC0-301F-11D3-BF4B-00C04F79EFBC}") = "SecretSanta.Api", "SecretSanta.Api\SecretSanta.Api.csproj", "{27FDA373-1BEC-4702-BE27-15DE16A22556}"
EndProject
Project("{FAE04EC0-301F-11D3-BF4B-00C04F79EFBC}") = "SecretSanta.Test", "SecretSanta.Test\SecretSanta.Test.csproj", "{04718A73-ABD0-42FD-A90B-0535061C5989}"
EndProject
Global
	GlobalSection(SolutionConfigurationPlatforms) = preSolution
		Debug|Any CPU = Debug|Any CPU
		Release|Any CPU = Release|Any CPU
	EndGlobalSection
	GlobalSection(ProjectConfigurationPlatforms) = postSolution
		{27FDA373-1BEC-4702-BE27-15DE16A22556}.Debug|Any CPU.ActiveCfg = Debug|Any CPU
		{27FDA373-1BEC-4702-BE27-15DE16A22556}.Debug|Any CPU.Build.0 = Debug|Any CPU
		{27FDA373-1BEC-4702-BE27-15DE16A22556}.Release|Any CPU.ActiveCfg = Release|Any CPU
		{27FDA373-1BEC-4702-BE27-15DE16A22556}.Release|Any CPU.Build.0 = Release|Any CPU
		{04718A73-ABD0-42FD-A90B-0535061C5989}.Debug|Any CPU.ActiveCfg = Debug|Any CPU
		{04718A73-ABD0-42FD-A90B-0535061C5989}.Debug|Any CPU.Build.0 = Debug|Any CPU
		{04718A73-ABD0-42FD-A90B-0535061C5989}.Release|Any CPU.ActiveCfg = Release|Any CPU
		{04718A73-ABD0-42FD-A90B-0535061C5989}.Release|Any CPU.Build.0 = Release|Any CPU
	EndGlobalSection
	GlobalSection(SolutionProperties) = preSolution
		HideSolutionNode = FALSE
	EndGlobalSection
	GlobalSection(ExtensibilityGlobals) = postSolution
		SolutionGuid = {86854130-67AB-485D-B65A-8DD7AF96850D}
	EndGlobalSection
EndGlobal
